{
  "name": "@chiru-labs/pbt",
  "version": "0.3.0",
  "lockfileVersion": 3,
  "requires": true,
  "packages": {
    "": {
      "name": "@chiru-labs/pbt",
      "version": "0.3.0",
      "license": "MIT",
      "dependencies": {
        "@chiru-labs/pbt": "^0.3.0"
      }
    },
    "node_modules/@chiru-labs/pbt": {
      "version": "0.3.0",
      "resolved": "https://registry.npmjs.org/@chiru-labs/pbt/-/pbt-0.3.0.tgz",
      "integrity": "sha512-XCoMOweuV28GLgVuwocIdvc7O8hKCJMe5C6Ts2dXM76X6KBIHfN0qBeEgSWP9usOZgY6i0817bcErGIF6/40Gw==",
      "dependencies": {
        "@openzeppelin/contracts": "^4.7.3"
      }
    },
    "node_modules/@openzeppelin/contracts": {
      "version": "4.9.6",
      "resolved": "https://registry.npmjs.org/@openzeppelin/contracts/-/contracts-4.9.6.tgz",
      "integrity": "sha512-xSmezSupL+y9VkHZJGDoCBpmnB2ogM13ccaYDWqJTfS3dbuHkgjuwDFUmaFauBCboQMGB/S5UqUl2y54X99BmA=="
    }
  }
}
